{
    "hash": "a870a68c7ca25adf6da25f1c2ed91ca7",
    "packages": [
        {
            "package": "cboden/Ratchet",
            "version": "v0.2.3"
        },
        {
            "package": "evenement/evenement",
            "version": "v1.0.0"
        },
        {
            "package": "guzzle/common",
            "version": "v3.0.6"
        },
        {
            "package": "guzzle/http",
            "version": "v3.0.6"
        },
        {
            "package": "guzzle/parser",
            "version": "v3.0.6"
        },
        {
            "package": "guzzle/stream",
            "version": "v3.0.6"
        },
        {
            "package": "react/event-loop",
            "version": "v0.2.5"
        },
        {
            "package": "react/socket",
            "version": "v0.2.5"
        },
        {
            "package": "react/stream",
            "version": "v0.2.5"
        },
        {
            "package": "symfony/event-dispatcher",
            "version": "v2.1.4"
        },
        {
            "package": "symfony/http-foundation",
            "version": "v2.1.4"
        }
    ],
    "packages-dev": null,
    "aliases": [

    ],
    "minimum-stability": "stable",
    "stability-flags": [

    ]
}
