{
    "hash": "0fcf46af182cba3cd926cd8898e91ad3",
    "packages": [
        {
            "package": "cboden/Ratchet",
            "version": "v0.2.3"
        },
        {
            "package": "doctrine/common",
            "version": "2.3.x-dev",
            "source-reference": "bb0aebbf234db52df476a2b473d434745b34221c",
            "commit-date": "1348120518"
        },
        {
            "package": "doctrine/data-fixtures",
            "version": "dev-master",
            "source-reference": "84cd1ca060e06bf5eb7066adb334adea4bf29fe7",
            "commit-date": "1354528007"
        },
        {
            "package": "doctrine/dbal",
            "version": "2.3.x-dev",
            "source-reference": "00f9575d24a15931c2ccfafd888b3d1d0bb5bd03",
            "commit-date": "1355758554"
        },
        {
            "package": "doctrine/doctrine-bundle",
            "version": "dev-master",
            "alias-pretty-version": "1.0.x-dev",
            "alias-version": "1.0.9999999.9999999-dev"
        },
        {
            "package": "doctrine/doctrine-bundle",
            "version": "dev-master",
            "source-reference": "2991d0dfa58a5583d9231c490750e29c45b0a6e9",
            "commit-date": "1355219625"
        },
        {
            "package": "doctrine/doctrine-fixtures-bundle",
            "version": "dev-master",
            "source-reference": "9edc67af16e736a31605e7fa9c9e3edbd9db6427",
            "commit-date": "1350914272"
        },
        {
            "package": "doctrine/orm",
            "version": "2.3.x-dev",
            "source-reference": "6d898753065056d178039844d80569f74b8fe6c6",
            "commit-date": "1355659227"
        },
        {
            "package": "evenement/evenement",
            "version": "1.0.x-dev",
            "source-reference": "406a0bd40c4d934e020469b923fad6330512ed4c",
            "commit-date": "1351909043"
        },
        {
            "package": "friendsofsymfony/user-bundle",
            "version": "dev-master",
            "alias-pretty-version": "2.0.x-dev",
            "alias-version": "2.0.9999999.9999999-dev"
        },
        {
            "package": "friendsofsymfony/user-bundle",
            "version": "dev-master",
            "source-reference": "779386c3fa2193347d2cd890f5687c5ee45f0bbe",
            "commit-date": "1355830870"
        },
        {
            "package": "fzaninotto/faker",
            "version": "dev-master",
            "alias-pretty-version": "1.1.x-dev",
            "alias-version": "1.1.9999999.9999999-dev"
        },
        {
            "package": "fzaninotto/faker",
            "version": "dev-master",
            "source-reference": "5b1075c13f5309242931214ee67a5f7c5af718d5",
            "commit-date": "1355863141"
        },
        {
            "package": "guzzle/common",
            "version": "dev-master",
            "alias-pretty-version": "3.0.x-dev",
            "alias-version": "3.0.9999999.9999999-dev"
        },
        {
            "package": "guzzle/common",
            "version": "dev-master",
            "source-reference": "v3.0.6",
            "commit-date": "1355117104"
        },
        {
            "package": "guzzle/http",
            "version": "dev-master",
            "alias-pretty-version": "3.0.x-dev",
            "alias-version": "3.0.9999999.9999999-dev"
        },
        {
            "package": "guzzle/http",
            "version": "dev-master",
            "source-reference": "v3.0.6",
            "commit-date": "1355101440"
        },
        {
            "package": "guzzle/parser",
            "version": "dev-master",
            "alias-pretty-version": "3.0.x-dev",
            "alias-version": "3.0.9999999.9999999-dev"
        },
        {
            "package": "guzzle/parser",
            "version": "dev-master",
            "source-reference": "v3.0.6",
            "commit-date": "1354898711"
        },
        {
            "package": "guzzle/stream",
            "version": "dev-master",
            "alias-pretty-version": "3.0.x-dev",
            "alias-version": "3.0.9999999.9999999-dev"
        },
        {
            "package": "guzzle/stream",
            "version": "dev-master",
            "source-reference": "v3.0.6",
            "commit-date": "1354898711"
        },
        {
            "package": "jdorn/sql-formatter",
            "version": "dev-master",
            "alias-pretty-version": "1.2.x-dev",
            "alias-version": "1.2.9999999.9999999-dev"
        },
        {
            "package": "jdorn/sql-formatter",
            "version": "dev-master",
            "source-reference": "15ab7a899e33f42682f74804d340a6995711a0d4",
            "commit-date": "1355867163"
        },
        {
            "package": "jms/aop-bundle",
            "version": "1.0.0"
        },
        {
            "package": "jms/cg",
            "version": "1.0.0"
        },
        {
            "package": "jms/di-extra-bundle",
            "version": "1.1.x-dev",
            "source-reference": "1.1.1",
            "commit-date": "1348217792"
        },
        {
            "package": "jms/metadata",
            "version": "1.1.1"
        },
        {
            "package": "jms/security-extra-bundle",
            "version": "1.2.x-dev",
            "source-reference": "9ab6aceda50fc7a2b07d741ba4b3f0695508afcb",
            "commit-date": "1346947943"
        },
        {
            "package": "kriswallsmith/assetic",
            "version": "dev-master",
            "alias-pretty-version": "1.1.x-dev",
            "alias-version": "1.1.9999999.9999999-dev"
        },
        {
            "package": "kriswallsmith/assetic",
            "version": "dev-master",
            "source-reference": "8ca1861fbed58e2c6ffcca5c0a1726c40a10a77c",
            "commit-date": "1355509886"
        },
        {
            "package": "monolog/monolog",
            "version": "dev-master",
            "alias-pretty-version": "1.3.x-dev",
            "alias-version": "1.3.9999999.9999999-dev"
        },
        {
            "package": "monolog/monolog",
            "version": "dev-master",
            "source-reference": "0df12342ef6c5efc748b27bb9ef92e1c95631058",
            "commit-date": "1355484464"
        },
        {
            "package": "raulfraile/ladybug",
            "version": "dev-master",
            "source-reference": "05d916c7ad4cce1a6679170c1b4b904c45dca23b",
            "commit-date": "1353143568"
        },
        {
            "package": "raulfraile/ladybug-bundle",
            "version": "dev-master",
            "source-reference": "6c35039c7ed207aca80e8bc5cfe589013a5c69a5",
            "commit-date": "1354634984"
        },
        {
            "package": "react/event-loop",
            "version": "dev-master",
            "alias-pretty-version": "0.2.x-dev",
            "alias-version": "0.2.9999999.9999999-dev"
        },
        {
            "package": "react/event-loop",
            "version": "dev-master",
            "source-reference": "v0.2.5",
            "commit-date": "1352761205"
        },
        {
            "package": "react/socket",
            "version": "dev-master",
            "alias-pretty-version": "0.2.x-dev",
            "alias-version": "0.2.9999999.9999999-dev"
        },
        {
            "package": "react/socket",
            "version": "dev-master",
            "source-reference": "v0.2.5",
            "commit-date": "1352121935"
        },
        {
            "package": "react/stream",
            "version": "dev-master",
            "alias-pretty-version": "0.2.x-dev",
            "alias-version": "0.2.9999999.9999999-dev"
        },
        {
            "package": "react/stream",
            "version": "dev-master",
            "source-reference": "v0.2.5",
            "commit-date": "1353313450"
        },
        {
            "package": "react/zmq",
            "version": "dev-master",
            "alias-pretty-version": "0.1.x-dev",
            "alias-version": "0.1.9999999.9999999-dev"
        },
        {
            "package": "react/zmq",
            "version": "dev-master",
            "source-reference": "ea54c59724f48252171603023249415903e8efd3",
            "commit-date": "1354022340"
        },
        {
            "package": "sensio/distribution-bundle",
            "version": "2.1.x-dev",
            "source-reference": "v2.1.4",
            "commit-date": "1353323932"
        },
        {
            "package": "sensio/framework-extra-bundle",
            "version": "2.1.x-dev",
            "source-reference": "cee8fd6d0793c545b25023ed9af072e07e441782",
            "commit-date": "1355851141"
        },
        {
            "package": "sensio/generator-bundle",
            "version": "2.1.x-dev",
            "source-reference": "v2.1.4",
            "commit-date": "1353341457"
        },
        {
            "package": "swiftmailer/swiftmailer",
            "version": "v4.2.2"
        },
        {
            "package": "symfony/assetic-bundle",
            "version": "dev-master",
            "alias-pretty-version": "2.1.x-dev",
            "alias-version": "2.1.9999999.9999999-dev"
        },
        {
            "package": "symfony/assetic-bundle",
            "version": "dev-master",
            "source-reference": "bd91880b53f86689f6638c9a28b8cc17792896e2",
            "commit-date": "1355510322"
        },
        {
            "package": "symfony/monolog-bundle",
            "version": "dev-master",
            "alias-pretty-version": "2.1.x-dev",
            "alias-version": "2.1.9999999.9999999-dev"
        },
        {
            "package": "symfony/monolog-bundle",
            "version": "dev-master",
            "source-reference": "51517152a608926ee6b40ed8cfbba1a708f0a14f",
            "commit-date": "1348137624"
        },
        {
            "package": "symfony/swiftmailer-bundle",
            "version": "dev-master",
            "alias-pretty-version": "2.1.x-dev",
            "alias-version": "2.1.9999999.9999999-dev"
        },
        {
            "package": "symfony/swiftmailer-bundle",
            "version": "dev-master",
            "source-reference": "2393ba6d4f1b544349123e24a16bbc749bef9e55",
            "commit-date": "1350447491"
        },
        {
            "package": "symfony/symfony",
            "version": "2.1.x-dev",
            "source-reference": "ab64da5671ec161ab73aba07fc011bc8de56ae41",
            "commit-date": "1355592495"
        },
        {
            "package": "twig/extensions",
            "version": "dev-master",
            "alias-pretty-version": "1.0.x-dev",
            "alias-version": "1.0.9999999.9999999-dev"
        },
        {
            "package": "twig/extensions",
            "version": "dev-master",
            "source-reference": "d1990ffaca93302709d1306d50ae153adb169f49",
            "commit-date": "1355563570"
        },
        {
            "package": "twig/twig",
            "version": "dev-master",
            "alias-pretty-version": "1.12.x-dev",
            "alias-version": "1.12.9999999.9999999-dev"
        },
        {
            "package": "twig/twig",
            "version": "dev-master",
            "source-reference": "f095f3a1777431412954e478f92e8a10cb7b6495",
            "commit-date": "1355824892"
        }
    ],
    "packages-dev": null,
    "aliases": [

    ],
    "minimum-stability": "dev",
    "stability-flags": {
        "doctrine/doctrine-fixtures-bundle": 20,
        "fzaninotto/faker": 20,
        "raulfraile/ladybug-bundle": 20,
        "friendsofsymfony/user-bundle": 20,
        "react/zmq": 20
    }
}
